{
  "name": "restapi",
  "version": "1.0.0",
  "lockfileVersion": 2,
  "requires": true,
  "packages": {
    "": {
      "name": "restapi",
      "version": "1.0.0",
      "license": "ISC"
    },
    "../packageTest": {
      "name": "pacaket-test-101",
      "version": "1.0.0",
      "extraneous": true,
      "license": "ISC",
      "bin": {
        "pacaket-test-101": "index.js"
      }
    }
  }
}
